
Microsoft Visual Studio Solution File, Format Version 12.00
# Visual Studio Version 17
VisualStudioVersion = 17.8.34525.116
MinimumVisualStudioVersion = 10.0.40219.1
Project("{FAE04EC0-301F-11D3-BF4B-00C04F79EFBC}") = "AtmUygulaması", "AtmUygulaması\AtmUygulaması.csproj", "{0F95BBD9-9D23-4E6C-AF6D-18C2F0E3C777}"
EndProject
Global
	GlobalSection(SolutionConfigurationPlatforms) = preSolution
		Debug|Any CPU = Debug|Any CPU
		Release|Any CPU = Release|Any CPU
	EndGlobalSection
	GlobalSection(ProjectConfigurationPlatforms) = postSolution
		{0F95BBD9-9D23-4E6C-AF6D-18C2F0E3C777}.Debug|Any CPU.ActiveCfg = Debug|Any CPU
		{0F95BBD9-9D23-4E6C-AF6D-18C2F0E3C777}.Debug|Any CPU.Build.0 = Debug|Any CPU
		{0F95BBD9-9D23-4E6C-AF6D-18C2F0E3C777}.Release|Any CPU.ActiveCfg = Release|Any CPU
		{0F95BBD9-9D23-4E6C-AF6D-18C2F0E3C777}.Release|Any CPU.Build.0 = Release|Any CPU
	EndGlobalSection
	GlobalSection(SolutionProperties) = preSolution
		HideSolutionNode = FALSE
	EndGlobalSection
	GlobalSection(ExtensibilityGlobals) = postSolution
		SolutionGuid = {E31C4D0D-8D88-4C43-BA47-494FD47077F9}
	EndGlobalSection
EndGlobal
